// !$*UTF8*$!
{
	archiveVersion = 1;
	classes = {
	};
	objectVersion = 46;
	objects = {

/* Begin PBXBuildFile section */
		EA43C7F809079D6BC1A14715 /* Pods_VidVideoSwift.framework in Frameworks */ = {isa = PBXBuildFile; fileRef = 3A1D41B874D6DF5DE3A79EA4 /* Pods_VidVideoSwift.framework */; };
		FE2B09C41DBA3ABD00325710 /* VideoFille.swift in Sources */ = {isa = PBXBuildFile; fileRef = FE2B09C31DBA3ABD00325710 /* VideoFille.swift */; };
		FEB1D8351DB95539007B089A /* FeaturedViewController.swift in Sources */ = {isa = PBXBuildFile; fileRef = FEB1D8341DB95539007B089A /* FeaturedViewController.swift */; };
		FEC4AA091DB8F1F700B8B0D8 /* AppDelegate.swift in Sources */ = {isa = PBXBuildFile; fileRef = FEC4AA081DB8F1F700B8B0D8 /* AppDelegate.swift */; };
		FEC4AA0B1DB8F1F700B8B0D8 /* FeedViewController.swift in Sources */ = {isa = PBXBuildFile; fileRef = FEC4AA0A1DB8F1F700B8B0D8 /* FeedViewController.swift */; };
		FEC4AA0E1DB8F1F700B8B0D8 /* Main.storyboard in Resources */ = {isa = PBXBuildFile; fileRef = FEC4AA0C1DB8F1F700B8B0D8 /* Main.storyboard */; };
		FEC4AA101DB8F1F700B8B0D8 /* Assets.xcassets in Resources */ = {isa = PBXBuildFile; fileRef = FEC4AA0F1DB8F1F700B8B0D8 /* Assets.xcassets */; };
		FEC4AA131DB8F1F700B8B0D8 /* LaunchScreen.storyboard in Resources */ = {isa = PBXBuildFile; fileRef = FEC4AA111DB8F1F700B8B0D8 /* LaunchScreen.storyboard */; };
		FEC4AA211DB9077E00B8B0D8 /* Featured@2x.png in Resources */ = {isa = PBXBuildFile; fileRef = FEC4AA1B1DB9077E00B8B0D8 /* Featured@2x.png */; };
		FEC4AA221DB9077E00B8B0D8 /* Featured@3x.png in Resources */ = {isa = PBXBuildFile; fileRef = FEC4AA1C1DB9077E00B8B0D8 /* Featured@3x.png */; };
		FEC4AA231DB9077E00B8B0D8 /* Feed@2x.png in Resources */ = {isa = PBXBuildFile; fileRef = FEC4AA1D1DB9077E00B8B0D8 /* Feed@2x.png */; };
		FEC4AA241DB9077E00B8B0D8 /* Feed@3x.png in Resources */ = {isa = PBXBuildFile; fileRef = FEC4AA1E1DB9077E00B8B0D8 /* Feed@3x.png */; };
		FEC4AA251DB9077E00B8B0D8 /* New@2x.png in Resources */ = {isa = PBXBuildFile; fileRef = FEC4AA1F1DB9077E00B8B0D8 /* New@2x.png */; };
		FEC4AA261DB9077E00B8B0D8 /* New@3x.png in Resources */ = {isa = PBXBuildFile; fileRef = FEC4AA201DB9077E00B8B0D8 /* New@3x.png */; };
		FEC4AA2A1DB9111D00B8B0D8 /* NewViewController.swift in Sources */ = {isa = PBXBuildFile; fileRef = FEC4AA291DB9111D00B8B0D8 /* NewViewController.swift */; };
/* End PBXBuildFile section */

/* Begin PBXFileReference section */
		20805D59885B162FC20F14C9 /* Pods-VidVideoSwift.debug.xcconfig */ = {isa = PBXFileReference; includeInIndex = 1; lastKnownFileType = text.xcconfig; name = "Pods-VidVideoSwift.debug.xcconfig"; path = "Pods/Target Support Files/Pods-VidVideoSwift/Pods-VidVideoSwift.debug.xcconfig"; sourceTree = "<group>"; };
		3A1D41B874D6DF5DE3A79EA4 /* Pods_VidVideoSwift.framework */ = {isa = PBXFileReference; explicitFileType = wrapper.framework; includeInIndex = 0; path = Pods_VidVideoSwift.framework; sourceTree = BUILT_PRODUCTS_DIR; };
		90FCBA56105AFD5678BC5370 /* Pods-VidVideoSwift.release.xcconfig */ = {isa = PBXFileReference; includeInIndex = 1; lastKnownFileType = text.xcconfig; name = "Pods-VidVideoSwift.release.xcconfig"; path = "Pods/Target Support Files/Pods-VidVideoSwift/Pods-VidVideoSwift.release.xcconfig"; sourceTree = "<group>"; };
		FE2B09C31DBA3ABD00325710 /* VideoFille.swift */ = {isa = PBXFileReference; fileEncoding = 4; lastKnownFileType = sourcecode.swift; path = VideoFille.swift; sourceTree = "<group>"; };
		FEB1D8341DB95539007B089A /* FeaturedViewController.swift */ = {isa = PBXFileReference; fileEncoding = 4; lastKnownFileType = sourcecode.swift; path = FeaturedViewController.swift; sourceTree = "<group>"; };
		FEC4AA051DB8F1F700B8B0D8 /* VidVideoSwift.app */ = {isa = PBXFileReference; explicitFileType = wrapper.application; includeInIndex = 0; path = VidVideoSwift.app; sourceTree = BUILT_PRODUCTS_DIR; };
		FEC4AA081DB8F1F700B8B0D8 /* AppDelegate.swift */ = {isa = PBXFileReference; lastKnownFileType = sourcecode.swift; path = AppDelegate.swift; sourceTree = "<group>"; };
		FEC4AA0A1DB8F1F700B8B0D8 /* FeedViewController.swift */ = {isa = PBXFileReference; lastKnownFileType = sourcecode.swift; path = FeedViewController.swift; sourceTree = "<group>"; };
		FEC4AA0D1DB8F1F700B8B0D8 /* Base */ = {isa = PBXFileReference; lastKnownFileType = file.storyboard; name = Base; path = Base.lproj/Main.storyboard; sourceTree = "<group>"; };
		FEC4AA0F1DB8F1F700B8B0D8 /* Assets.xcassets */ = {isa = PBXFileReference; lastKnownFileType = folder.assetcatalog; path = Assets.xcassets; sourceTree = "<group>"; };
		FEC4AA121DB8F1F700B8B0D8 /* Base */ = {isa = PBXFileReference; lastKnownFileType = file.storyboard; name = Base; path = Base.lproj/LaunchScreen.storyboard; sourceTree = "<group>"; };
		FEC4AA141DB8F1F700B8B0D8 /* Info.plist */ = {isa = PBXFileReference; lastKnownFileType = text.plist.xml; path = Info.plist; sourceTree = "<group>"; };
		FEC4AA1B1DB9077E00B8B0D8 /* Featured@2x.png */ = {isa = PBXFileReference; lastKnownFileType = image.png; path = "Featured@2x.png"; sourceTree = "<group>"; };
		FEC4AA1C1DB9077E00B8B0D8 /* Featured@3x.png */ = {isa = PBXFileReference; lastKnownFileType = image.png; path = "Featured@3x.png"; sourceTree = "<group>"; };
		FEC4AA1D1DB9077E00B8B0D8 /* Feed@2x.png */ = {isa = PBXFileReference; lastKnownFileType = image.png; path = "Feed@2x.png"; sourceTree = "<group>"; };
		FEC4AA1E1DB9077E00B8B0D8 /* Feed@3x.png */ = {isa = PBXFileReference; lastKnownFileType = image.png; path = "Feed@3x.png"; sourceTree = "<group>"; };
		FEC4AA1F1DB9077E00B8B0D8 /* New@2x.png */ = {isa = PBXFileReference; lastKnownFileType = image.png; path = "New@2x.png"; sourceTree = "<group>"; };
		FEC4AA201DB9077E00B8B0D8 /* New@3x.png */ = {isa = PBXFileReference; lastKnownFileType = image.png; path = "New@3x.png"; sourceTree = "<group>"; };
		FEC4AA291DB9111D00B8B0D8 /* NewViewController.swift */ = {isa = PBXFileReference; fileEncoding = 4; lastKnownFileType = sourcecode.swift; path = NewViewController.swift; sourceTree = "<group>"; };
/* End PBXFileReference section */

/* Begin PBXFrameworksBuildPhase section */
		FEC4AA021DB8F1F700B8B0D8 /* Frameworks */ = {
			isa = PBXFrameworksBuildPhase;
			buildActionMask = 2147483647;
			files = (
				EA43C7F809079D6BC1A14715 /* Pods_VidVideoSwift.framework in Frameworks */,
			);
			runOnlyForDeploymentPostprocessing = 0;
		};
/* End PBXFrameworksBuildPhase section */

/* Begin PBXGroup section */
		451D13D2EA226DBFB1F4071A /* Pods */ = {
			isa = PBXGroup;
			children = (
				20805D59885B162FC20F14C9 /* Pods-VidVideoSwift.debug.xcconfig */,
				90FCBA56105AFD5678BC5370 /* Pods-VidVideoSwift.release.xcconfig */,
			);
			name = Pods;
			sourceTree = "<group>";
		};
		BC4ABA43877553E3B9D8B90A /* Frameworks */ = {
			isa = PBXGroup;
			children = (
				3A1D41B874D6DF5DE3A79EA4 /* Pods_VidVideoSwift.framework */,
			);
			name = Frameworks;
			sourceTree = "<group>";
		};
		FEC4A9FC1DB8F1F700B8B0D8 = {
			isa = PBXGroup;
			children = (
				FEC4AA071DB8F1F700B8B0D8 /* VidVideoSwift */,
				FEC4AA061DB8F1F700B8B0D8 /* Products */,
				451D13D2EA226DBFB1F4071A /* Pods */,
				BC4ABA43877553E3B9D8B90A /* Frameworks */,
			);
			sourceTree = "<group>";
		};
		FEC4AA061DB8F1F700B8B0D8 /* Products */ = {
			isa = PBXGroup;
			children = (
				FEC4AA051DB8F1F700B8B0D8 /* VidVideoSwift.app */,
			);
			name = Products;
			sourceTree = "<group>";
		};
		FEC4AA071DB8F1F700B8B0D8 /* VidVideoSwift */ = {
			isa = PBXGroup;
			children = (
				FEC4AA281DB910CF00B8B0D8 /* Models */,
				FEC4AA1A1DB9077E00B8B0D8 /* Images */,
				FEC4AA271DB9109B00B8B0D8 /* ViewControllers */,
				FEC4AA081DB8F1F700B8B0D8 /* AppDelegate.swift */,
				FEC4AA0F1DB8F1F700B8B0D8 /* Assets.xcassets */,
				FEC4AA111DB8F1F700B8B0D8 /* LaunchScreen.storyboard */,
				FEC4AA141DB8F1F700B8B0D8 /* Info.plist */,
			);
			path = VidVideoSwift;
			sourceTree = "<group>";
		};
		FEC4AA1A1DB9077E00B8B0D8 /* Images */ = {
			isa = PBXGroup;
			children = (
				FEC4AA1B1DB9077E00B8B0D8 /* Featured@2x.png */,
				FEC4AA1C1DB9077E00B8B0D8 /* Featured@3x.png */,
				FEC4AA1D1DB9077E00B8B0D8 /* Feed@2x.png */,
				FEC4AA1E1DB9077E00B8B0D8 /* Feed@3x.png */,
				FEC4AA1F1DB9077E00B8B0D8 /* New@2x.png */,
				FEC4AA201DB9077E00B8B0D8 /* New@3x.png */,
			);
			name = Images;
			path = ../Images;
			sourceTree = "<group>";
		};
		FEC4AA271DB9109B00B8B0D8 /* ViewControllers */ = {
			isa = PBXGroup;
			children = (
				FEC4AA0A1DB8F1F700B8B0D8 /* FeedViewController.swift */,
				FEC4AA291DB9111D00B8B0D8 /* NewViewController.swift */,
				FEB1D8341DB95539007B089A /* FeaturedViewController.swift */,
				FEC4AA0C1DB8F1F700B8B0D8 /* Main.storyboard */,
			);
			name = ViewControllers;
			sourceTree = "<group>";
		};
		FEC4AA281DB910CF00B8B0D8 /* Models */ = {
			isa = PBXGroup;
			children = (
				FE2B09C31DBA3ABD00325710 /* VideoFille.swift */,
			);
			name = Models;
			sourceTree = "<group>";
		};
/* End PBXGroup section */

/* Begin PBXNativeTarget section */
		FEC4AA041DB8F1F700B8B0D8 /* VidVideoSwift */ = {
			isa = PBXNativeTarget;
			buildConfigurationList = FEC4AA171DB8F1F700B8B0D8 /* Build configuration list for PBXNativeTarget "VidVideoSwift" */;
			buildPhases = (
				23F5EA283DA6D95EE00C9C57 /* [CP] Check Pods Manifest.lock */,
				FEC4AA011DB8F1F700B8B0D8 /* Sources */,
				FEC4AA021DB8F1F700B8B0D8 /* Frameworks */,
				FEC4AA031DB8F1F700B8B0D8 /* Resources */,
				8BF48A133549BEFEF7C8B8C7 /* [CP] Embed Pods Frameworks */,
				25AD6178B3FBF623C8C77B05 /* [CP] Copy Pods Resources */,
			);
			buildRules = (
			);
			dependencies = (
			);
			name = VidVideoSwift;
			productName = VidVideoSwift;
			productReference = FEC4AA051DB8F1F700B8B0D8 /* VidVideoSwift.app */;
			productType = "com.apple.product-type.application";
		};
/* End PBXNativeTarget section */

/* Begin PBXProject section */
		FEC4A9FD1DB8F1F700B8B0D8 /* Project object */ = {
			isa = PBXProject;
			attributes = {
				LastSwiftUpdateCheck = 0720;
				LastUpgradeCheck = 0720;
				ORGANIZATIONNAME = Vitaliy;
				TargetAttributes = {
					FEC4AA041DB8F1F700B8B0D8 = {
						CreatedOnToolsVersion = 7.2;
					};
				};
			};
			buildConfigurationList = FEC4AA001DB8F1F700B8B0D8 /* Build configuration list for PBXProject "VidVideoSwift" */;
			compatibilityVersion = "Xcode 3.2";
			developmentRegion = English;
			hasScannedForEncodings = 0;
			knownRegions = (
				en,
				Base,
			);
			mainGroup = FEC4A9FC1DB8F1F700B8B0D8;
			productRefGroup = FEC4AA061DB8F1F700B8B0D8 /* Products */;
			projectDirPath = "";
			projectRoot = "";
			targets = (
				FEC4AA041DB8F1F700B8B0D8 /* VidVideoSwift */,
			);
		};
/* End PBXProject section */

/* Begin PBXResourcesBuildPhase section */
		FEC4AA031DB8F1F700B8B0D8 /* Resources */ = {
			isa = PBXResourcesBuildPhase;
			buildActionMask = 2147483647;
			files = (
				FEC4AA241DB9077E00B8B0D8 /* Feed@3x.png in Resources */,
				FEC4AA251DB9077E00B8B0D8 /* New@2x.png in Resources */,
				FEC4AA231DB9077E00B8B0D8 /* Feed@2x.png in Resources */,
				FEC4AA211DB9077E00B8B0D8 /* Featured@2x.png in Resources */,
				FEC4AA261DB9077E00B8B0D8 /* New@3x.png in Resources */,
				FEC4AA131DB8F1F700B8B0D8 /* LaunchScreen.storyboard in Resources */,
				FEC4AA221DB9077E00B8B0D8 /* Featured@3x.png in Resources */,
				FEC4AA101DB8F1F700B8B0D8 /* Assets.xcassets in Resources */,
				FEC4AA0E1DB8F1F700B8B0D8 /* Main.storyboard in Resources */,
			);
			runOnlyForDeploymentPostprocessing = 0;
		};
/* End PBXResourcesBuildPhase section */

/* Begin PBXShellScriptBuildPhase section */
		23F5EA283DA6D95EE00C9C57 /* [CP] Check Pods Manifest.lock */ = {
			isa = PBXShellScriptBuildPhase;
			buildActionMask = 2147483647;
			files = (
			);
			inputPaths = (
			);
			name = "[CP] Check Pods Manifest.lock";
			outputPaths = (
			);
			runOnlyForDeploymentPostprocessing = 0;
			shellPath = /bin/sh;
			shellScript = "diff \"${PODS_ROOT}/../Podfile.lock\" \"${PODS_ROOT}/Manifest.lock\" > /dev/null\nif [ $? != 0 ] ; then\n    # print error to STDERR\n    echo \"error: The sandbox is not in sync with the Podfile.lock. Run 'pod install' or update your CocoaPods installation.\" >&2\n    exit 1\nfi\n";
			showEnvVarsInLog = 0;
		};
		25AD6178B3FBF623C8C77B05 /* [CP] Copy Pods Resources */ = {
			isa = PBXShellScriptBuildPhase;
			buildActionMask = 2147483647;
			files = (
			);
			inputPaths = (
			);
			name = "[CP] Copy Pods Resources";
			outputPaths = (
			);
			runOnlyForDeploymentPostprocessing = 0;
			shellPath = /bin/sh;
			shellScript = "\"${SRCROOT}/Pods/Target Support Files/Pods-VidVideoSwift/Pods-VidVideoSwift-resources.sh\"\n";
			showEnvVarsInLog = 0;
		};
		8BF48A133549BEFEF7C8B8C7 /* [CP] Embed Pods Frameworks */ = {
			isa = PBXShellScriptBuildPhase;
			buildActionMask = 2147483647;
			files = (
			);
			inputPaths = (
			);
			name = "[CP] Embed Pods Frameworks";
			outputPaths = (
			);
			runOnlyForDeploymentPostprocessing = 0;
			shellPath = /bin/sh;
			shellScript = "\"${SRCROOT}/Pods/Target Support Files/Pods-VidVideoSwift/Pods-VidVideoSwift-frameworks.sh\"\n";
			showEnvVarsInLog = 0;
		};
/* End PBXShellScriptBuildPhase section */

/* Begin PBXSourcesBuildPhase section */
		FEC4AA011DB8F1F700B8B0D8 /* Sources */ = {
			isa = PBXSourcesBuildPhase;
			buildActionMask = 2147483647;
			files = (
				FE2B09C41DBA3ABD00325710 /* VideoFille.swift in Sources */,
				FEC4AA2A1DB9111D00B8B0D8 /* NewViewController.swift in Sources */,
				FEC4AA0B1DB8F1F700B8B0D8 /* FeedViewController.swift in Sources */,
				FEB1D8351DB95539007B089A /* FeaturedViewController.swift in Sources */,
				FEC4AA091DB8F1F700B8B0D8 /* AppDelegate.swift in Sources */,
			);
			runOnlyForDeploymentPostprocessing = 0;
		};
/* End PBXSourcesBuildPhase section */

/* Begin PBXVariantGroup section */
		FEC4AA0C1DB8F1F700B8B0D8 /* Main.storyboard */ = {
			isa = PBXVariantGroup;
			children = (
				FEC4AA0D1DB8F1F700B8B0D8 /* Base */,
			);
			name = Main.storyboard;
			sourceTree = "<group>";
		};
		FEC4AA111DB8F1F700B8B0D8 /* LaunchScreen.storyboard */ = {
			isa = PBXVariantGroup;
			children = (
				FEC4AA121DB8F1F700B8B0D8 /* Base */,
			);
			name = LaunchScreen.storyboard;
			sourceTree = "<group>";
		};
/* End PBXVariantGroup section */

/* Begin XCBuildConfiguration section */
		FEC4AA151DB8F1F700B8B0D8 /* Debug */ = {
			isa = XCBuildConfiguration;
			buildSettings = {
				ALWAYS_SEARCH_USER_PATHS = NO;
				CLANG_CXX_LANGUAGE_STANDARD = "gnu++0x";
				CLANG_CXX_LIBRARY = "libc++";
				CLANG_ENABLE_MODULES = YES;
				CLANG_ENABLE_OBJC_ARC = YES;
				CLANG_WARN_BOOL_CONVERSION = YES;
				CLANG_WARN_CONSTANT_CONVERSION = YES;
				CLANG_WARN_DIRECT_OBJC_ISA_USAGE = YES_ERROR;
				CLANG_WARN_EMPTY_BODY = YES;
				CLANG_WARN_ENUM_CONVERSION = YES;
				CLANG_WARN_INT_CONVERSION = YES;
				CLANG_WARN_OBJC_ROOT_CLASS = YES_ERROR;
				CLANG_WARN_UNREACHABLE_CODE = YES;
				CLANG_WARN__DUPLICATE_METHOD_MATCH = YES;
				"CODE_SIGN_IDENTITY[sdk=iphoneos*]" = "iPhone Developer";
				COPY_PHASE_STRIP = NO;
				DEBUG_INFORMATION_FORMAT = dwarf;
				ENABLE_STRICT_OBJC_MSGSEND = YES;
				ENABLE_TESTABILITY = YES;
				GCC_C_LANGUAGE_STANDARD = gnu99;
				GCC_DYNAMIC_NO_PIC = NO;
				GCC_NO_COMMON_BLOCKS = YES;
				GCC_OPTIMIZATION_LEVEL = 0;
				GCC_PREPROCESSOR_DEFINITIONS = (
					"DEBUG=1",
					"$(inherited)",
				);
				GCC_WARN_64_TO_32_BIT_CONVERSION = YES;
				GCC_WARN_ABOUT_RETURN_TYPE = YES_ERROR;
				GCC_WARN_UNDECLARED_SELECTOR = YES;
				GCC_WARN_UNINITIALIZED_AUTOS = YES_AGGRESSIVE;
				GCC_WARN_UNUSED_FUNCTION = YES;
				GCC_WARN_UNUSED_VARIABLE = YES;
				IPHONEOS_DEPLOYMENT_TARGET = 9.2;
				MTL_ENABLE_DEBUG_INFO = YES;
				ONLY_ACTIVE_ARCH = YES;
				SDKROOT = iphoneos;
				SWIFT_OPTIMIZATION_LEVEL = "-Onone";
			};
			name = Debug;
		};
		FEC4AA161DB8F1F700B8B0D8 /* Release */ = {
			isa = XCBuildConfiguration;
			buildSettings = {
				ALWAYS_SEARCH_USER_PATHS = NO;
				CLANG_CXX_LANGUAGE_STANDARD = "gnu++0x";
				CLANG_CXX_LIBRARY = "libc++";
				CLANG_ENABLE_MODULES = YES;
				CLANG_ENABLE_OBJC_ARC = YES;
				CLANG_WARN_BOOL_CONVERSION = YES;
				CLANG_WARN_CONSTANT_CONVERSION = YES;
				CLANG_WARN_DIRECT_OBJC_ISA_USAGE = YES_ERROR;
				CLANG_WARN_EMPTY_BODY = YES;
				CLANG_WARN_ENUM_CONVERSION = YES;
				CLANG_WARN_INT_CONVERSION = YES;
				CLANG_WARN_OBJC_ROOT_CLASS = YES_ERROR;
				CLANG_WARN_UNREACHABLE_CODE = YES;
				CLANG_WARN__DUPLICATE_METHOD_MATCH = YES;
				"CODE_SIGN_IDENTITY[sdk=iphoneos*]" = "iPhone Developer";
				COPY_PHASE_STRIP = NO;
				DEBUG_INFORMATION_FORMAT = "dwarf-with-dsym";
				ENABLE_NS_ASSERTIONS = NO;
				ENABLE_STRICT_OBJC_MSGSEND = YES;
				GCC_C_LANGUAGE_STANDARD = gnu99;
				GCC_NO_COMMON_BLOCKS = YES;
				GCC_WARN_64_TO_32_BIT_CONVERSION = YES;
				GCC_WARN_ABOUT_RETURN_TYPE = YES_ERROR;
				GCC_WARN_UNDECLARED_SELECTOR = YES;
				GCC_WARN_UNINITIALIZED_AUTOS = YES_AGGRESSIVE;
				GCC_WARN_UNUSED_FUNCTION = YES;
				GCC_WARN_UNUSED_VARIABLE = YES;
				IPHONEOS_DEPLOYMENT_TARGET = 9.2;
				MTL_ENABLE_DEBUG_INFO = NO;
				SDKROOT = iphoneos;
				VALIDATE_PRODUCT = YES;
			};
			name = Release;
		};
		FEC4AA181DB8F1F700B8B0D8 /* Debug */ = {
			isa = XCBuildConfiguration;
			baseConfigurationReference = 20805D59885B162FC20F14C9 /* Pods-VidVideoSwift.debug.xcconfig */;
			buildSettings = {
				ASSETCATALOG_COMPILER_APPICON_NAME = AppIcon;
				CODE_SIGN_IDENTITY = "iPhone Developer";
				INFOPLIST_FILE = VidVideoSwift/Info.plist;
				LD_RUNPATH_SEARCH_PATHS = "$(inherited) @executable_path/Frameworks";
				PRODUCT_BUNDLE_IDENTIFIER = home.VidVideoSwift;
				PRODUCT_NAME = "$(TARGET_NAME)";
			};
			name = Debug;
		};
		FEC4AA191DB8F1F700B8B0D8 /* Release */ = {
			isa = XCBuildConfiguration;
			baseConfigurationReference = 90FCBA56105AFD5678BC5370 /* Pods-VidVideoSwift.release.xcconfig */;
			buildSettings = {
				ASSETCATALOG_COMPILER_APPICON_NAME = AppIcon;
				CODE_SIGN_IDENTITY = "iPhone Developer";
				INFOPLIST_FILE = VidVideoSwift/Info.plist;
				LD_RUNPATH_SEARCH_PATHS = "$(inherited) @executable_path/Frameworks";
				PRODUCT_BUNDLE_IDENTIFIER = home.VidVideoSwift;
				PRODUCT_NAME = "$(TARGET_NAME)";
			};
			name = Release;
		};
/* End XCBuildConfiguration section */

/* Begin XCConfigurationList section */
		FEC4AA001DB8F1F700B8B0D8 /* Build configuration list for PBXProject "VidVideoSwift" */ = {
			isa = XCConfigurationList;
			buildConfigurations = (
				FEC4AA151DB8F1F700B8B0D8 /* Debug */,
				FEC4AA161DB8F1F700B8B0D8 /* Release */,
			);
			defaultConfigurationIsVisible = 0;
			defaultConfigurationName = Release;
		};
		FEC4AA171DB8F1F700B8B0D8 /* Build configuration list for PBXNativeTarget "VidVideoSwift" */ = {
			isa = XCConfigurationList;
			buildConfigurations = (
				FEC4AA181DB8F1F700B8B0D8 /* Debug */,
				FEC4AA191DB8F1F700B8B0D8 /* Release */,
			);
			defaultConfigurationIsVisible = 0;
			defaultConfigurationName = Release;
		};
/* End XCConfigurationList section */
	};
	rootObject = FEC4A9FD1DB8F1F700B8B0D8 /* Project object */;
}
